
Microsoft Visual Studio Solution File, Format Version 12.00
# Visual Studio 2013
VisualStudioVersion = 12.0.30501.0
MinimumVisualStudioVersion = 10.0.40219.1
Project("{FAE04EC0-301F-11D3-BF4B-00C04F79EFBC}") = "MovieTicket", "MovieTicket\MovieTicket.csproj", "{1AEC9873-ED0D-490A-8FEB-20BA0CB15E66}"
EndProject
Project("{FAE04EC0-301F-11D3-BF4B-00C04F79EFBC}") = "DiscountClassLibrary", "DiscountClassLibrary\DiscountClassLibrary.csproj", "{093D34D2-A199-4A55-A843-5EFD6AE56C52}"
EndProject
Global
	GlobalSection(SolutionConfigurationPlatforms) = preSolution
		Debug|Any CPU = Debug|Any CPU
		Release|Any CPU = Release|Any CPU
	EndGlobalSection
	GlobalSection(ProjectConfigurationPlatforms) = postSolution
		{1AEC9873-ED0D-490A-8FEB-20BA0CB15E66}.Debug|Any CPU.ActiveCfg = Debug|Any CPU
		{1AEC9873-ED0D-490A-8FEB-20BA0CB15E66}.Debug|Any CPU.Build.0 = Debug|Any CPU
		{1AEC9873-ED0D-490A-8FEB-20BA0CB15E66}.Release|Any CPU.ActiveCfg = Release|Any CPU
		{1AEC9873-ED0D-490A-8FEB-20BA0CB15E66}.Release|Any CPU.Build.0 = Release|Any CPU
		{093D34D2-A199-4A55-A843-5EFD6AE56C52}.Debug|Any CPU.ActiveCfg = Debug|Any CPU
		{093D34D2-A199-4A55-A843-5EFD6AE56C52}.Debug|Any CPU.Build.0 = Debug|Any CPU
		{093D34D2-A199-4A55-A843-5EFD6AE56C52}.Release|Any CPU.ActiveCfg = Release|Any CPU
		{093D34D2-A199-4A55-A843-5EFD6AE56C52}.Release|Any CPU.Build.0 = Release|Any CPU
	EndGlobalSection
	GlobalSection(SolutionProperties) = preSolution
		HideSolutionNode = FALSE
	EndGlobalSection
EndGlobal
