
Microsoft Visual Studio Solution File, Format Version 12.00
# Visual Studio 2013
VisualStudioVersion = 12.0.30501.0
MinimumVisualStudioVersion = 10.0.40219.1
Project("{FAE04EC0-301F-11D3-BF4B-00C04F79EFBC}") = "Problem01", "Problem01\Problem01.csproj", "{6762C995-8E68-450F-982A-4F7BB11E647E}"
EndProject
Project("{FAE04EC0-301F-11D3-BF4B-00C04F79EFBC}") = "ScoreCalculationLibrary", "scorecalculationlibrary\ScoreCalculationLibrary.csproj", "{9E78496F-4BC5-4D4F-8062-2DC0822285AF}"
EndProject
Project("{FAE04EC0-301F-11D3-BF4B-00C04F79EFBC}") = "Problem02", "Problem02\Problem02.csproj", "{D7FB9C25-0C51-48AF-9A72-625C7D675D53}"
EndProject
Global
	GlobalSection(SolutionConfigurationPlatforms) = preSolution
		Debug|Any CPU = Debug|Any CPU
		Release|Any CPU = Release|Any CPU
	EndGlobalSection
	GlobalSection(ProjectConfigurationPlatforms) = postSolution
		{6762C995-8E68-450F-982A-4F7BB11E647E}.Debug|Any CPU.ActiveCfg = Debug|Any CPU
		{6762C995-8E68-450F-982A-4F7BB11E647E}.Debug|Any CPU.Build.0 = Debug|Any CPU
		{6762C995-8E68-450F-982A-4F7BB11E647E}.Release|Any CPU.ActiveCfg = Release|Any CPU
		{6762C995-8E68-450F-982A-4F7BB11E647E}.Release|Any CPU.Build.0 = Release|Any CPU
		{9E78496F-4BC5-4D4F-8062-2DC0822285AF}.Debug|Any CPU.ActiveCfg = Debug|Any CPU
		{9E78496F-4BC5-4D4F-8062-2DC0822285AF}.Debug|Any CPU.Build.0 = Debug|Any CPU
		{9E78496F-4BC5-4D4F-8062-2DC0822285AF}.Release|Any CPU.ActiveCfg = Release|Any CPU
		{9E78496F-4BC5-4D4F-8062-2DC0822285AF}.Release|Any CPU.Build.0 = Release|Any CPU
		{D7FB9C25-0C51-48AF-9A72-625C7D675D53}.Debug|Any CPU.ActiveCfg = Debug|Any CPU
		{D7FB9C25-0C51-48AF-9A72-625C7D675D53}.Debug|Any CPU.Build.0 = Debug|Any CPU
		{D7FB9C25-0C51-48AF-9A72-625C7D675D53}.Release|Any CPU.ActiveCfg = Release|Any CPU
		{D7FB9C25-0C51-48AF-9A72-625C7D675D53}.Release|Any CPU.Build.0 = Release|Any CPU
	EndGlobalSection
	GlobalSection(SolutionProperties) = preSolution
		HideSolutionNode = FALSE
	EndGlobalSection
EndGlobal
